// !$*UTF8*$!
{
	archiveVersion = 1;
	classes = {
	};
	objectVersion = 46;
	objects = {

/* Begin PBXBuildFile section */
		ACD2447E1B2A632E00A510DD /* AppDelegate.swift in Sources */ = {isa = PBXBuildFile; fileRef = ACD2447D1B2A632E00A510DD /* AppDelegate.swift */; };
		ACD244801B2A632E00A510DD /* ViewController.swift in Sources */ = {isa = PBXBuildFile; fileRef = ACD2447F1B2A632E00A510DD /* ViewController.swift */; };
		ACD244831B2A632E00A510DD /* Main.storyboard in Resources */ = {isa = PBXBuildFile; fileRef = ACD244811B2A632E00A510DD /* Main.storyboard */; };
		ACD244851B2A632E00A510DD /* Images.xcassets in Resources */ = {isa = PBXBuildFile; fileRef = ACD244841B2A632E00A510DD /* Images.xcassets */; };
		ACD244881B2A632E00A510DD /* LaunchScreen.xib in Resources */ = {isa = PBXBuildFile; fileRef = ACD244861B2A632E00A510DD /* LaunchScreen.xib */; };
		ACD244941B2A632E00A510DD /* BRGestureTutorialTests.swift in Sources */ = {isa = PBXBuildFile; fileRef = ACD244931B2A632E00A510DD /* BRGestureTutorialTests.swift */; };
/* End PBXBuildFile section */

/* Begin PBXContainerItemProxy section */
		ACD2448E1B2A632E00A510DD /* PBXContainerItemProxy */ = {
			isa = PBXContainerItemProxy;
			containerPortal = ACD244701B2A632E00A510DD /* Project object */;
			proxyType = 1;
			remoteGlobalIDString = ACD244771B2A632E00A510DD;
			remoteInfo = BRGestureTutorial;
		};
/* End PBXContainerItemProxy section */

/* Begin PBXFileReference section */
		ACD244781B2A632E00A510DD /* BRGestureTutorial.app */ = {isa = PBXFileReference; explicitFileType = wrapper.application; includeInIndex = 0; path = BRGestureTutorial.app; sourceTree = BUILT_PRODUCTS_DIR; };
		ACD2447C1B2A632E00A510DD /* Info.plist */ = {isa = PBXFileReference; lastKnownFileType = text.plist.xml; path = Info.plist; sourceTree = "<group>"; };
		ACD2447D1B2A632E00A510DD /* AppDelegate.swift */ = {isa = PBXFileReference; lastKnownFileType = sourcecode.swift; path = AppDelegate.swift; sourceTree = "<group>"; };
		ACD2447F1B2A632E00A510DD /* ViewController.swift */ = {isa = PBXFileReference; lastKnownFileType = sourcecode.swift; path = ViewController.swift; sourceTree = "<group>"; };
		ACD244821B2A632E00A510DD /* Base */ = {isa = PBXFileReference; lastKnownFileType = file.storyboard; name = Base; path = Base.lproj/Main.storyboard; sourceTree = "<group>"; };
		ACD244841B2A632E00A510DD /* Images.xcassets */ = {isa = PBXFileReference; lastKnownFileType = folder.assetcatalog; path = Images.xcassets; sourceTree = "<group>"; };
		ACD244871B2A632E00A510DD /* Base */ = {isa = PBXFileReference; lastKnownFileType = file.xib; name = Base; path = Base.lproj/LaunchScreen.xib; sourceTree = "<group>"; };
		ACD2448D1B2A632E00A510DD /* BRGestureTutorialTests.xctest */ = {isa = PBXFileReference; explicitFileType = wrapper.cfbundle; includeInIndex = 0; path = BRGestureTutorialTests.xctest; sourceTree = BUILT_PRODUCTS_DIR; };
		ACD244921B2A632E00A510DD /* Info.plist */ = {isa = PBXFileReference; lastKnownFileType = text.plist.xml; path = Info.plist; sourceTree = "<group>"; };
		ACD244931B2A632E00A510DD /* BRGestureTutorialTests.swift */ = {isa = PBXFileReference; lastKnownFileType = sourcecode.swift; path = BRGestureTutorialTests.swift; sourceTree = "<group>"; };
/* End PBXFileReference section */

/* Begin PBXFrameworksBuildPhase section */
		ACD244751B2A632E00A510DD /* Frameworks */ = {
			isa = PBXFrameworksBuildPhase;
			buildActionMask = 2147483647;
			files = (
			);
			runOnlyForDeploymentPostprocessing = 0;
		};
		ACD2448A1B2A632E00A510DD /* Frameworks */ = {
			isa = PBXFrameworksBuildPhase;
			buildActionMask = 2147483647;
			files = (
			);
			runOnlyForDeploymentPostprocessing = 0;
		};
/* End PBXFrameworksBuildPhase section */

/* Begin PBXGroup section */
		ACD2446F1B2A632E00A510DD = {
			isa = PBXGroup;
			children = (
				ACD2447A1B2A632E00A510DD /* BRGestureTutorial */,
				ACD244901B2A632E00A510DD /* BRGestureTutorialTests */,
				ACD244791B2A632E00A510DD /* Products */,
			);
			sourceTree = "<group>";
		};
		ACD244791B2A632E00A510DD /* Products */ = {
			isa = PBXGroup;
			children = (
				ACD244781B2A632E00A510DD /* BRGestureTutorial.app */,
				ACD2448D1B2A632E00A510DD /* BRGestureTutorialTests.xctest */,
			);
			name = Products;
			sourceTree = "<group>";
		};
		ACD2447A1B2A632E00A510DD /* BRGestureTutorial */ = {
			isa = PBXGroup;
			children = (
				ACD2447D1B2A632E00A510DD /* AppDelegate.swift */,
				ACD2447F1B2A632E00A510DD /* ViewController.swift */,
				ACD244811B2A632E00A510DD /* Main.storyboard */,
				ACD244841B2A632E00A510DD /* Images.xcassets */,
				ACD244861B2A632E00A510DD /* LaunchScreen.xib */,
				ACD2447B1B2A632E00A510DD /* Supporting Files */,
			);
			path = BRGestureTutorial;
			sourceTree = "<group>";
		};
		ACD2447B1B2A632E00A510DD /* Supporting Files */ = {
			isa = PBXGroup;
			children = (
				ACD2447C1B2A632E00A510DD /* Info.plist */,
			);
			name = "Supporting Files";
			sourceTree = "<group>";
		};
		ACD244901B2A632E00A510DD /* BRGestureTutorialTests */ = {
			isa = PBXGroup;
			children = (
				ACD244931B2A632E00A510DD /* BRGestureTutorialTests.swift */,
				ACD244911B2A632E00A510DD /* Supporting Files */,
			);
			path = BRGestureTutorialTests;
			sourceTree = "<group>";
		};
		ACD244911B2A632E00A510DD /* Supporting Files */ = {
			isa = PBXGroup;
			children = (
				ACD244921B2A632E00A510DD /* Info.plist */,
			);
			name = "Supporting Files";
			sourceTree = "<group>";
		};
/* End PBXGroup section */

/* Begin PBXNativeTarget section */
		ACD244771B2A632E00A510DD /* BRGestureTutorial */ = {
			isa = PBXNativeTarget;
			buildConfigurationList = ACD244971B2A632E00A510DD /* Build configuration list for PBXNativeTarget "BRGestureTutorial" */;
			buildPhases = (
				ACD244741B2A632E00A510DD /* Sources */,
				ACD244751B2A632E00A510DD /* Frameworks */,
				ACD244761B2A632E00A510DD /* Resources */,
			);
			buildRules = (
			);
			dependencies = (
			);
			name = BRGestureTutorial;
			productName = BRGestureTutorial;
			productReference = ACD244781B2A632E00A510DD /* BRGestureTutorial.app */;
			productType = "com.apple.product-type.application";
		};
		ACD2448C1B2A632E00A510DD /* BRGestureTutorialTests */ = {
			isa = PBXNativeTarget;
			buildConfigurationList = ACD2449A1B2A632E00A510DD /* Build configuration list for PBXNativeTarget "BRGestureTutorialTests" */;
			buildPhases = (
				ACD244891B2A632E00A510DD /* Sources */,
				ACD2448A1B2A632E00A510DD /* Frameworks */,
				ACD2448B1B2A632E00A510DD /* Resources */,
			);
			buildRules = (
			);
			dependencies = (
				ACD2448F1B2A632E00A510DD /* PBXTargetDependency */,
			);
			name = BRGestureTutorialTests;
			productName = BRGestureTutorialTests;
			productReference = ACD2448D1B2A632E00A510DD /* BRGestureTutorialTests.xctest */;
			productType = "com.apple.product-type.bundle.unit-test";
		};
/* End PBXNativeTarget section */

/* Begin PBXProject section */
		ACD244701B2A632E00A510DD /* Project object */ = {
			isa = PBXProject;
			attributes = {
				LastUpgradeCheck = 0630;
				ORGANIZATIONNAME = "Bobby Ren";
				TargetAttributes = {
					ACD244771B2A632E00A510DD = {
						CreatedOnToolsVersion = 6.3.2;
					};
					ACD2448C1B2A632E00A510DD = {
						CreatedOnToolsVersion = 6.3.2;
						TestTargetID = ACD244771B2A632E00A510DD;
					};
				};
			};
			buildConfigurationList = ACD244731B2A632E00A510DD /* Build configuration list for PBXProject "BRGestureTutorial" */;
			compatibilityVersion = "Xcode 3.2";
			developmentRegion = English;
			hasScannedForEncodings = 0;
			knownRegions = (
				en,
				Base,
			);
			mainGroup = ACD2446F1B2A632E00A510DD;
			productRefGroup = ACD244791B2A632E00A510DD /* Products */;
			projectDirPath = "";
			projectRoot = "";
			targets = (
				ACD244771B2A632E00A510DD /* BRGestureTutorial */,
				ACD2448C1B2A632E00A510DD /* BRGestureTutorialTests */,
			);
		};
/* End PBXProject section */

/* Begin PBXResourcesBuildPhase section */
		ACD244761B2A632E00A510DD /* Resources */ = {
			isa = PBXResourcesBuildPhase;
			buildActionMask = 2147483647;
			files = (
				ACD244831B2A632E00A510DD /* Main.storyboard in Resources */,
				ACD244881B2A632E00A510DD /* LaunchScreen.xib in Resources */,
				ACD244851B2A632E00A510DD /* Images.xcassets in Resources */,
			);
			runOnlyForDeploymentPostprocessing = 0;
		};
		ACD2448B1B2A632E00A510DD /* Resources */ = {
			isa = PBXResourcesBuildPhase;
			buildActionMask = 2147483647;
			files = (
			);
			runOnlyForDeploymentPostprocessing = 0;
		};
/* End PBXResourcesBuildPhase section */

/* Begin PBXSourcesBuildPhase section */
		ACD244741B2A632E00A510DD /* Sources */ = {
			isa = PBXSourcesBuildPhase;
			buildActionMask = 2147483647;
			files = (
				ACD244801B2A632E00A510DD /* ViewController.swift in Sources */,
				ACD2447E1B2A632E00A510DD /* AppDelegate.swift in Sources */,
			);
			runOnlyForDeploymentPostprocessing = 0;
		};
		ACD244891B2A632E00A510DD /* Sources */ = {
			isa = PBXSourcesBuildPhase;
			buildActionMask = 2147483647;
			files = (
				ACD244941B2A632E00A510DD /* BRGestureTutorialTests.swift in Sources */,
			);
			runOnlyForDeploymentPostprocessing = 0;
		};
/* End PBXSourcesBuildPhase section */

/* Begin PBXTargetDependency section */
		ACD2448F1B2A632E00A510DD /* PBXTargetDependency */ = {
			isa = PBXTargetDependency;
			target = ACD244771B2A632E00A510DD /* BRGestureTutorial */;
			targetProxy = ACD2448E1B2A632E00A510DD /* PBXContainerItemProxy */;
		};
/* End PBXTargetDependency section */

/* Begin PBXVariantGroup section */
		ACD244811B2A632E00A510DD /* Main.storyboard */ = {
			isa = PBXVariantGroup;
			children = (
				ACD244821B2A632E00A510DD /* Base */,
			);
			name = Main.storyboard;
			sourceTree = "<group>";
		};
		ACD244861B2A632E00A510DD /* LaunchScreen.xib */ = {
			isa = PBXVariantGroup;
			children = (
				ACD244871B2A632E00A510DD /* Base */,
			);
			name = LaunchScreen.xib;
			sourceTree = "<group>";
		};
/* End PBXVariantGroup section */

/* Begin XCBuildConfiguration section */
		ACD244951B2A632E00A510DD /* Debug */ = {
			isa = XCBuildConfiguration;
			buildSettings = {
				ALWAYS_SEARCH_USER_PATHS = NO;
				CLANG_CXX_LANGUAGE_STANDARD = "gnu++0x";
				CLANG_CXX_LIBRARY = "libc++";
				CLANG_ENABLE_MODULES = YES;
				CLANG_ENABLE_OBJC_ARC = YES;
				CLANG_WARN_BOOL_CONVERSION = YES;
				CLANG_WARN_CONSTANT_CONVERSION = YES;
				CLANG_WARN_DIRECT_OBJC_ISA_USAGE = YES_ERROR;
				CLANG_WARN_EMPTY_BODY = YES;
				CLANG_WARN_ENUM_CONVERSION = YES;
				CLANG_WARN_INT_CONVERSION = YES;
				CLANG_WARN_OBJC_ROOT_CLASS = YES_ERROR;
				CLANG_WARN_UNREACHABLE_CODE = YES;
				CLANG_WARN__DUPLICATE_METHOD_MATCH = YES;
				"CODE_SIGN_IDENTITY[sdk=iphoneos*]" = "iPhone Developer";
				COPY_PHASE_STRIP = NO;
				DEBUG_INFORMATION_FORMAT = "dwarf-with-dsym";
				ENABLE_STRICT_OBJC_MSGSEND = YES;
				GCC_C_LANGUAGE_STANDARD = gnu99;
				GCC_DYNAMIC_NO_PIC = NO;
				GCC_NO_COMMON_BLOCKS = YES;
				GCC_OPTIMIZATION_LEVEL = 0;
				GCC_PREPROCESSOR_DEFINITIONS = (
					"DEBUG=1",
					"$(inherited)",
				);
				GCC_SYMBOLS_PRIVATE_EXTERN = NO;
				GCC_WARN_64_TO_32_BIT_CONVERSION = YES;
				GCC_WARN_ABOUT_RETURN_TYPE = YES_ERROR;
				GCC_WARN_UNDECLARED_SELECTOR = YES;
				GCC_WARN_UNINITIALIZED_AUTOS = YES_AGGRESSIVE;
				GCC_WARN_UNUSED_FUNCTION = YES;
				GCC_WARN_UNUSED_VARIABLE = YES;
				IPHONEOS_DEPLOYMENT_TARGET = 8.3;
				MTL_ENABLE_DEBUG_INFO = YES;
				ONLY_ACTIVE_ARCH = YES;
				SDKROOT = iphoneos;
				SWIFT_OPTIMIZATION_LEVEL = "-Onone";
			};
			name = Debug;
		};
		ACD244961B2A632E00A510DD /* Release */ = {
			isa = XCBuildConfiguration;
			buildSettings = {
				ALWAYS_SEARCH_USER_PATHS = NO;
				CLANG_CXX_LANGUAGE_STANDARD = "gnu++0x";
				CLANG_CXX_LIBRARY = "libc++";
				CLANG_ENABLE_MODULES = YES;
				CLANG_ENABLE_OBJC_ARC = YES;
				CLANG_WARN_BOOL_CONVERSION = YES;
				CLANG_WARN_CONSTANT_CONVERSION = YES;
				CLANG_WARN_DIRECT_OBJC_ISA_USAGE = YES_ERROR;
				CLANG_WARN_EMPTY_BODY = YES;
				CLANG_WARN_ENUM_CONVERSION = YES;
				CLANG_WARN_INT_CONVERSION = YES;
				CLANG_WARN_OBJC_ROOT_CLASS = YES_ERROR;
				CLANG_WARN_UNREACHABLE_CODE = YES;
				CLANG_WARN__DUPLICATE_METHOD_MATCH = YES;
				"CODE_SIGN_IDENTITY[sdk=iphoneos*]" = "iPhone Developer";
				COPY_PHASE_STRIP = NO;
				DEBUG_INFORMATION_FORMAT = "dwarf-with-dsym";
				ENABLE_NS_ASSERTIONS = NO;
				ENABLE_STRICT_OBJC_MSGSEND = YES;
				GCC_C_LANGUAGE_STANDARD = gnu99;
				GCC_NO_COMMON_BLOCKS = YES;
				GCC_WARN_64_TO_32_BIT_CONVERSION = YES;
				GCC_WARN_ABOUT_RETURN_TYPE = YES_ERROR;
				GCC_WARN_UNDECLARED_SELECTOR = YES;
				GCC_WARN_UNINITIALIZED_AUTOS = YES_AGGRESSIVE;
				GCC_WARN_UNUSED_FUNCTION = YES;
				GCC_WARN_UNUSED_VARIABLE = YES;
				IPHONEOS_DEPLOYMENT_TARGET = 8.3;
				MTL_ENABLE_DEBUG_INFO = NO;
				SDKROOT = iphoneos;
				VALIDATE_PRODUCT = YES;
			};
			name = Release;
		};
		ACD244981B2A632E00A510DD /* Debug */ = {
			isa = XCBuildConfiguration;
			buildSettings = {
				ASSETCATALOG_COMPILER_APPICON_NAME = AppIcon;
				INFOPLIST_FILE = BRGestureTutorial/Info.plist;
				LD_RUNPATH_SEARCH_PATHS = "$(inherited) @executable_path/Frameworks";
				PRODUCT_NAME = "$(TARGET_NAME)";
			};
			name = Debug;
		};
		ACD244991B2A632E00A510DD /* Release */ = {
			isa = XCBuildConfiguration;
			buildSettings = {
				ASSETCATALOG_COMPILER_APPICON_NAME = AppIcon;
				INFOPLIST_FILE = BRGestureTutorial/Info.plist;
				LD_RUNPATH_SEARCH_PATHS = "$(inherited) @executable_path/Frameworks";
				PRODUCT_NAME = "$(TARGET_NAME)";
			};
			name = Release;
		};
		ACD2449B1B2A632E00A510DD /* Debug */ = {
			isa = XCBuildConfiguration;
			buildSettings = {
				BUNDLE_LOADER = "$(TEST_HOST)";
				FRAMEWORK_SEARCH_PATHS = (
					"$(SDKROOT)/Developer/Library/Frameworks",
					"$(inherited)",
				);
				GCC_PREPROCESSOR_DEFINITIONS = (
					"DEBUG=1",
					"$(inherited)",
				);
				INFOPLIST_FILE = BRGestureTutorialTests/Info.plist;
				LD_RUNPATH_SEARCH_PATHS = "$(inherited) @executable_path/Frameworks @loader_path/Frameworks";
				PRODUCT_NAME = "$(TARGET_NAME)";
				TEST_HOST = "$(BUILT_PRODUCTS_DIR)/BRGestureTutorial.app/BRGestureTutorial";
			};
			name = Debug;
		};
		ACD2449C1B2A632E00A510DD /* Release */ = {
			isa = XCBuildConfiguration;
			buildSettings = {
				BUNDLE_LOADER = "$(TEST_HOST)";
				FRAMEWORK_SEARCH_PATHS = (
					"$(SDKROOT)/Developer/Library/Frameworks",
					"$(inherited)",
				);
				INFOPLIST_FILE = BRGestureTutorialTests/Info.plist;
				LD_RUNPATH_SEARCH_PATHS = "$(inherited) @executable_path/Frameworks @loader_path/Frameworks";
				PRODUCT_NAME = "$(TARGET_NAME)";
				TEST_HOST = "$(BUILT_PRODUCTS_DIR)/BRGestureTutorial.app/BRGestureTutorial";
			};
			name = Release;
		};
/* End XCBuildConfiguration section */

/* Begin XCConfigurationList section */
		ACD244731B2A632E00A510DD /* Build configuration list for PBXProject "BRGestureTutorial" */ = {
			isa = XCConfigurationList;
			buildConfigurations = (
				ACD244951B2A632E00A510DD /* Debug */,
				ACD244961B2A632E00A510DD /* Release */,
			);
			defaultConfigurationIsVisible = 0;
			defaultConfigurationName = Release;
		};
		ACD244971B2A632E00A510DD /* Build configuration list for PBXNativeTarget "BRGestureTutorial" */ = {
			isa = XCConfigurationList;
			buildConfigurations = (
				ACD244981B2A632E00A510DD /* Debug */,
				ACD244991B2A632E00A510DD /* Release */,
			);
			defaultConfigurationIsVisible = 0;
		};
		ACD2449A1B2A632E00A510DD /* Build configuration list for PBXNativeTarget "BRGestureTutorialTests" */ = {
			isa = XCConfigurationList;
			buildConfigurations = (
				ACD2449B1B2A632E00A510DD /* Debug */,
				ACD2449C1B2A632E00A510DD /* Release */,
			);
			defaultConfigurationIsVisible = 0;
		};
/* End XCConfigurationList section */
	};
	rootObject = ACD244701B2A632E00A510DD /* Project object */;
}
